{
  "name": "size-forgithub-redirect",
  "version": "1.0.0",
  "lockfileVersion": 3,
  "requires": true,
  "packages": {
    "": {
      "name": "size-forgithub-redirect",
      "version": "1.0.0",
      "devDependencies": {
        "@cloudflare/workers-types": "^4.20240208.0"
      }
    },
    "node_modules/@cloudflare/workers-types": {
      "version": "4.20250224.0",
      "resolved": "https://registry.npmjs.org/@cloudflare/workers-types/-/workers-types-4.20250224.0.tgz",
      "integrity": "sha512-j6ZwQ5G2moQRaEtGI2u5TBQhVXv/XwOS5jfBAheZHcpCM07zm8j0i8jZHHLq/6VA8e6VRjKohOyj5j6tZ1KHLQ==",
      "dev": true,
      "license": "MIT OR Apache-2.0"
    }
  }
}
